
Microsoft Visual Studio Solution File, Format Version 12.00
# Visual Studio 15
VisualStudioVersion = 15.0.27428.2015
MinimumVisualStudioVersion = 10.0.40219.1
Project("{9A19103F-16F7-4668-BE54-9A1E7A4F7556}") = "algorithms", "algorithms\algorithms.csproj", "{3354CBE2-F0A4-4E61-A7DA-5EF3638E71F4}"
EndProject
Project("{FAE04EC0-301F-11D3-BF4B-00C04F79EFBC}") = "algorithms.net", "algorithms.net\algorithms.net.csproj", "{CE835660-1305-4F4E-AE46-65E21A507CA8}"
EndProject
Global
	GlobalSection(SolutionConfigurationPlatforms) = preSolution
		Debug copy|Any CPU = Debug copy|Any CPU
		Debug|Any CPU = Debug|Any CPU
		Release|Any CPU = Release|Any CPU
	EndGlobalSection
	GlobalSection(ProjectConfigurationPlatforms) = postSolution
		{3354CBE2-F0A4-4E61-A7DA-5EF3638E71F4}.Debug copy|Any CPU.ActiveCfg = Debug copy|Any CPU
		{3354CBE2-F0A4-4E61-A7DA-5EF3638E71F4}.Debug copy|Any CPU.Build.0 = Debug copy|Any CPU
		{3354CBE2-F0A4-4E61-A7DA-5EF3638E71F4}.Debug|Any CPU.ActiveCfg = Debug|Any CPU
		{3354CBE2-F0A4-4E61-A7DA-5EF3638E71F4}.Debug|Any CPU.Build.0 = Debug|Any CPU
		{3354CBE2-F0A4-4E61-A7DA-5EF3638E71F4}.Release|Any CPU.ActiveCfg = Release|Any CPU
		{3354CBE2-F0A4-4E61-A7DA-5EF3638E71F4}.Release|Any CPU.Build.0 = Release|Any CPU
		{CE835660-1305-4F4E-AE46-65E21A507CA8}.Debug copy|Any CPU.ActiveCfg = Debug|Any CPU
		{CE835660-1305-4F4E-AE46-65E21A507CA8}.Debug copy|Any CPU.Build.0 = Debug|Any CPU
		{CE835660-1305-4F4E-AE46-65E21A507CA8}.Debug|Any CPU.ActiveCfg = Debug|Any CPU
		{CE835660-1305-4F4E-AE46-65E21A507CA8}.Debug|Any CPU.Build.0 = Debug|Any CPU
		{CE835660-1305-4F4E-AE46-65E21A507CA8}.Release|Any CPU.ActiveCfg = Release|Any CPU
		{CE835660-1305-4F4E-AE46-65E21A507CA8}.Release|Any CPU.Build.0 = Release|Any CPU
	EndGlobalSection
	GlobalSection(SolutionProperties) = preSolution
		HideSolutionNode = FALSE
	EndGlobalSection
	GlobalSection(ExtensibilityGlobals) = postSolution
		SolutionGuid = {74A11D17-26C5-4155-B1A3-F639639B4FEF}
	EndGlobalSection
EndGlobal
